
Microsoft Visual Studio Solution File, Format Version 12.00
# Visual Studio 14
VisualStudioVersion = 14.0.23107.0
MinimumVisualStudioVersion = 10.0.40219.1
Project("{FAE04EC0-301F-11D3-BF4B-00C04F79EFBC}") = "Jorge_Parcial1_AP2", "Jorge_Parcial1_AP2\Jorge_Parcial1_AP2.csproj", "{64A1FE5E-BF4A-49EE-9D59-C486AFC6C64E}"
EndProject
Project("{FAE04EC0-301F-11D3-BF4B-00C04F79EFBC}") = "DAL", "DAL\DAL.csproj", "{4024C890-91CD-415C-81C3-136CC4D52BF4}"
EndProject
Project("{FAE04EC0-301F-11D3-BF4B-00C04F79EFBC}") = "BLL", "BLL\BLL.csproj", "{FA588272-364E-48DB-B7A5-CCDB310D63AF}"
EndProject
Global
	GlobalSection(SolutionConfigurationPlatforms) = preSolution
		Debug|Any CPU = Debug|Any CPU
		Release|Any CPU = Release|Any CPU
	EndGlobalSection
	GlobalSection(ProjectConfigurationPlatforms) = postSolution
		{64A1FE5E-BF4A-49EE-9D59-C486AFC6C64E}.Debug|Any CPU.ActiveCfg = Debug|Any CPU
		{64A1FE5E-BF4A-49EE-9D59-C486AFC6C64E}.Debug|Any CPU.Build.0 = Debug|Any CPU
		{64A1FE5E-BF4A-49EE-9D59-C486AFC6C64E}.Release|Any CPU.ActiveCfg = Release|Any CPU
		{64A1FE5E-BF4A-49EE-9D59-C486AFC6C64E}.Release|Any CPU.Build.0 = Release|Any CPU
		{4024C890-91CD-415C-81C3-136CC4D52BF4}.Debug|Any CPU.ActiveCfg = Debug|Any CPU
		{4024C890-91CD-415C-81C3-136CC4D52BF4}.Debug|Any CPU.Build.0 = Debug|Any CPU
		{4024C890-91CD-415C-81C3-136CC4D52BF4}.Release|Any CPU.ActiveCfg = Release|Any CPU
		{4024C890-91CD-415C-81C3-136CC4D52BF4}.Release|Any CPU.Build.0 = Release|Any CPU
		{FA588272-364E-48DB-B7A5-CCDB310D63AF}.Debug|Any CPU.ActiveCfg = Debug|Any CPU
		{FA588272-364E-48DB-B7A5-CCDB310D63AF}.Debug|Any CPU.Build.0 = Debug|Any CPU
		{FA588272-364E-48DB-B7A5-CCDB310D63AF}.Release|Any CPU.ActiveCfg = Release|Any CPU
		{FA588272-364E-48DB-B7A5-CCDB310D63AF}.Release|Any CPU.Build.0 = Release|Any CPU
	EndGlobalSection
	GlobalSection(SolutionProperties) = preSolution
		HideSolutionNode = FALSE
	EndGlobalSection
EndGlobal
